
Microsoft Visual Studio Solution File, Format Version 12.00
# Visual Studio 2013
VisualStudioVersion = 12.0.30501.0
MinimumVisualStudioVersion = 10.0.40219.1
Project("{FAE04EC0-301F-11D3-BF4B-00C04F79EFBC}") = "EventCounterWebApp", "SearchPatternWebApp\EventCounterWebApp.csproj", "{8A29B1F3-DD52-4955-9751-FDC180628C88}"
EndProject
Project("{FAE04EC0-301F-11D3-BF4B-00C04F79EFBC}") = "EventCounter.Tests", "SearchPattern.Tests\EventCounter.Tests.csproj", "{A2FB5100-92E0-42AC-BF11-775991DF97BB}"
EndProject
Project("{2150E333-8FDC-42A3-9474-1A3956D46DE8}") = ".nuget", ".nuget", "{2DA977CA-E4E6-435E-A998-7507CF979175}"
	ProjectSection(SolutionItems) = preProject
		.nuget\packages.config = .nuget\packages.config
	EndProjectSection
EndProject
Global
	GlobalSection(SolutionConfigurationPlatforms) = preSolution
		Debug|Any CPU = Debug|Any CPU
		Release|Any CPU = Release|Any CPU
	EndGlobalSection
	GlobalSection(ProjectConfigurationPlatforms) = postSolution
		{8A29B1F3-DD52-4955-9751-FDC180628C88}.Debug|Any CPU.ActiveCfg = Debug|Any CPU
		{8A29B1F3-DD52-4955-9751-FDC180628C88}.Debug|Any CPU.Build.0 = Debug|Any CPU
		{8A29B1F3-DD52-4955-9751-FDC180628C88}.Release|Any CPU.ActiveCfg = Release|Any CPU
		{8A29B1F3-DD52-4955-9751-FDC180628C88}.Release|Any CPU.Build.0 = Release|Any CPU
		{A2FB5100-92E0-42AC-BF11-775991DF97BB}.Debug|Any CPU.ActiveCfg = Debug|Any CPU
		{A2FB5100-92E0-42AC-BF11-775991DF97BB}.Debug|Any CPU.Build.0 = Debug|Any CPU
		{A2FB5100-92E0-42AC-BF11-775991DF97BB}.Release|Any CPU.ActiveCfg = Release|Any CPU
		{A2FB5100-92E0-42AC-BF11-775991DF97BB}.Release|Any CPU.Build.0 = Release|Any CPU
	EndGlobalSection
	GlobalSection(SolutionProperties) = preSolution
		HideSolutionNode = FALSE
	EndGlobalSection
EndGlobal
